PODS:
  - Flutter (1.0.0)
  - OpenVPNAdapter (0.8.0):
    - OpenVPNAdapter/ASIO (= 0.8.0)
    - OpenVPNAdapter/LZ4 (= 0.8.0)
    - OpenVPNAdapter/mbedTLS (= 0.8.0)
    - OpenVPNAdapter/OpenVPN3 (= 0.8.0)
    - OpenVPNAdapter/OpenVPNAdapter (= 0.8.0)
    - OpenVPNAdapter/OpenVPNClient (= 0.8.0)
  - OpenVPNAdapter/ASIO (0.8.0)
  - OpenVPNAdapter/LZ4 (0.8.0)
  - OpenVPNAdapter/mbedTLS (0.8.0)
  - OpenVPNAdapter/OpenVPN3 (0.8.0)
  - OpenVPNAdapter/OpenVPNAdapter (0.8.0)
  - OpenVPNAdapter/OpenVPNClient (0.8.0)
  - SwiftSocket (2.0.2)
  - yggdrasil_plugin (0.0.1):
    - Flutter
    - SwiftSocket

DEPENDENCIES:
  - Flutter (from `Flutter`)
  - OpenVPNAdapter (from `https://github.com/ss-abramchuk/OpenVPNAdapter.git`, tag `0.8.0`)
  - yggdrasil_plugin (from `.symlinks/plugins/yggdrasil_plugin/ios`)

SPEC REPOS:
  trunk:
    - SwiftSocket

EXTERNAL SOURCES:
  Flutter:
    :path: Flutter
  OpenVPNAdapter:
    :git: https://github.com/ss-abramchuk/OpenVPNAdapter.git
    :tag: 0.8.0
  yggdrasil_plugin:
    :path: ".symlinks/plugins/yggdrasil_plugin/ios"

CHECKOUT OPTIONS:
  OpenVPNAdapter:
    :git: https://github.com/ss-abramchuk/OpenVPNAdapter.git
    :tag: 0.8.0

SPEC CHECKSUMS:
  Flutter: f04841e97a9d0b0a8025694d0796dd46242b2854
  OpenVPNAdapter: 1d945f4528073ff641d4ed90d98e28f2b1c86d05
  SwiftSocket: 6f4c9c63fbc5c1d61188936bb3c599fd546f40ae
  yggdrasil_plugin: cf18a3391ff3f45a15efd098665315ae7a0749c4

PODFILE CHECKSUM: a94ecc9fa0ba10dd6e7b2443749f2da4c195fe8d

COCOAPODS: 1.14.3
